<?xml version="1.0" encoding="utf-8"?>
<Project ToolsVersion="4.0" xmlns="http://schemas.microsoft.com/developer/msbuild/2003">
  <ItemGroup>
    <Filter Include="Resource Files">
      <UniqueIdentifier>{67DA6AB6-F800-4c08-8B7A-83BB121AAD01}</UniqueIdentifier>
      <Extensions>rc;ico;cur;bmp;dlg;rc2;rct;bin;rgs;gif;jpg;jpeg;jpe;resx;tiff;tif;png;wav;mfcribbon-ms</Extensions>
    </Filter>
    <Filter Include="interface">
      <UniqueIdentifier>{0f8652ab-ea53-4149-8134-1961757451e9}</UniqueIdentifier>
    </Filter>
    <Filter Include="src">
      <UniqueIdentifier>{4FC737F1-C7A5-4376-A066-2A32D752A2FF}</UniqueIdentifier>
      <Extensions>cpp;c;cc;cxx;def;odl;idl;hpj;bat;asm;asmx</Extensions>
    </Filter>
    <Filter Include="inc">
      <UniqueIdentifier>{93995380-89BD-4b04-88EB-625FBE52EBFB}</UniqueIdentifier>
      <Extensions>h;hh;hpp;hxx;hm;inl;inc;ipp;xsd</Extensions>
    </Filter>
    <Filter Include="src\common">
      <UniqueIdentifier>{037e7fc8-09ee-4915-9fde-739d56ac7eae}</UniqueIdentifier>
    </Filter>
  </ItemGroup>
  <ItemGroup>
    <ClInclude Include="..\..\..\code\src\common\md5.h">
      <Filter>src\common</Filter>
    </ClInclude>
    <ClInclude Include="..\..\..\code\src\common\StringConvertion.hpp">
      <Filter>src\common</Filter>
    </ClInclude>
    <ClInclude Include="..\..\..\code\src\common\sqlite3.h">
      <Filter>src\common</Filter>
    </ClInclude>
    <ClInclude Include="..\..\..\code\src\common\Sqlite3Wrapper.hpp">
      <Filter>src\common</Filter>
    </ClInclude>
    <ClInclude Include="..\..\..\code\interface\AndroidQQDecryptSDK.hpp">
      <Filter>interface</Filter>
    </ClInclude>
    <ClInclude Include="..\..\..\code\inc\version.hpp">
      <Filter>inc</Filter>
    </ClInclude>
    <ClInclude Include="..\..\..\code\src\common\filesystem.hpp">
      <Filter>src\common</Filter>
    </ClInclude>
  </ItemGroup>
  <ItemGroup>
    <ClCompile Include="..\..\..\code\src\common\md5.cpp">
      <Filter>src\common</Filter>
    </ClCompile>
    <ClCompile Include="..\..\..\code\src\common\StringConvertion.cpp">
      <Filter>src\common</Filter>
    </ClCompile>
    <ClCompile Include="..\..\..\code\src\common\sqlite3.c">
      <Filter>src\common</Filter>
    </ClCompile>
    <ClCompile Include="..\..\..\code\src\common\Sqlite3Wrapper.cpp">
      <Filter>src\common</Filter>
    </ClCompile>
    <ClCompile Include="..\..\..\code\src\AndroidQQDecryptSDK.cpp">
      <Filter>src</Filter>
    </ClCompile>
  </ItemGroup>
</Project>